// !$*UTF8*$!
{
	archiveVersion = 1;
	classes = {
	};
	objectVersion = 46;
	objects = {

/* Begin PBXBuildFile section */
		02605DC2244D4B099667DB5F /* libPods.a in Frameworks */ = {isa = PBXBuildFile; fileRef = 525811D60497460C9D9766C4 /* libPods.a */; };
		573E032D1ABC74020044BF97 /* CMCoreData.m in Sources */ = {isa = PBXBuildFile; fileRef = 573E03221ABC74020044BF97 /* CMCoreData.m */; };
		573E032E1ABC74020044BF97 /* CMExtensions.m in Sources */ = {isa = PBXBuildFile; fileRef = 573E03241ABC74020044BF97 /* CMExtensions.m */; };
		573E032F1ABC74020044BF97 /* CMFRC.m in Sources */ = {isa = PBXBuildFile; fileRef = 573E03261ABC74020044BF97 /* CMFRC.m */; };
		573E03301ABC74020044BF97 /* CMJsonPath.m in Sources */ = {isa = PBXBuildFile; fileRef = 573E03281ABC74020044BF97 /* CMJsonPath.m */; };
		573E03311ABC74020044BF97 /* CoreMapping.m in Sources */ = {isa = PBXBuildFile; fileRef = 573E032A1ABC74020044BF97 /* CoreMapping.m */; };
		573E03321ABC74020044BF97 /* NSManagedObject+manager.m in Sources */ = {isa = PBXBuildFile; fileRef = 573E032C1ABC74020044BF97 /* NSManagedObject+manager.m */; };
		8F04F40019B0A696009E3D0C /* MainViewController.m in Sources */ = {isa = PBXBuildFile; fileRef = 8F04F3FF19B0A696009E3D0C /* MainViewController.m */; };
		8F67F9A919AF9FF80034A734 /* test.json in Resources */ = {isa = PBXBuildFile; fileRef = 8F67F9A819AF9FF80034A734 /* test.json */; };
		8F75977B19AC83D900A5F389 /* Foundation.framework in Frameworks */ = {isa = PBXBuildFile; fileRef = 8F75977A19AC83D900A5F389 /* Foundation.framework */; };
		8F75977D19AC83D900A5F389 /* CoreGraphics.framework in Frameworks */ = {isa = PBXBuildFile; fileRef = 8F75977C19AC83D900A5F389 /* CoreGraphics.framework */; };
		8F75977F19AC83D900A5F389 /* UIKit.framework in Frameworks */ = {isa = PBXBuildFile; fileRef = 8F75977E19AC83D900A5F389 /* UIKit.framework */; };
		8F75978119AC83D900A5F389 /* CoreData.framework in Frameworks */ = {isa = PBXBuildFile; fileRef = 8F75978019AC83D900A5F389 /* CoreData.framework */; };
		8F75978719AC83D900A5F389 /* InfoPlist.strings in Resources */ = {isa = PBXBuildFile; fileRef = 8F75978519AC83D900A5F389 /* InfoPlist.strings */; };
		8F75978919AC83D900A5F389 /* main.m in Sources */ = {isa = PBXBuildFile; fileRef = 8F75978819AC83D900A5F389 /* main.m */; };
		8F75978D19AC83D900A5F389 /* AppDelegate.m in Sources */ = {isa = PBXBuildFile; fileRef = 8F75978C19AC83D900A5F389 /* AppDelegate.m */; };
		8F75979019AC83D900A5F389 /* CoreMapping.xcdatamodeld in Sources */ = {isa = PBXBuildFile; fileRef = 8F75978E19AC83D900A5F389 /* CoreMapping.xcdatamodeld */; };
		8F75979219AC83D900A5F389 /* Images.xcassets in Resources */ = {isa = PBXBuildFile; fileRef = 8F75979119AC83D900A5F389 /* Images.xcassets */; };
		8F7597B919ACB45C00A5F389 /* MyEntity+CustomLogic.m in Sources */ = {isa = PBXBuildFile; fileRef = 8F7597B819ACB45C00A5F389 /* MyEntity+CustomLogic.m */; };
		8F7597D019ADE3EA00A5F389 /* test_add.json in Resources */ = {isa = PBXBuildFile; fileRef = 8F7597CF19ADE3EA00A5F389 /* test_add.json */; };
		8F9D0F1F19B47A7400E7C857 /* Phone.m in Sources */ = {isa = PBXBuildFile; fileRef = 8F9D0F1E19B47A7400E7C857 /* Phone.m */; };
		8F9D0F2219B47A7500E7C857 /* City.m in Sources */ = {isa = PBXBuildFile; fileRef = 8F9D0F2119B47A7500E7C857 /* City.m */; };
/* End PBXBuildFile section */

/* Begin PBXFileReference section */
		525811D60497460C9D9766C4 /* libPods.a */ = {isa = PBXFileReference; explicitFileType = archive.ar; includeInIndex = 0; path = libPods.a; sourceTree = BUILT_PRODUCTS_DIR; };
		573E03201ABC74020044BF97 /* CMConstants.h */ = {isa = PBXFileReference; fileEncoding = 4; lastKnownFileType = sourcecode.c.h; name = CMConstants.h; path = "CoreMapping Group/CMConstants.h"; sourceTree = "<group>"; };
		573E03211ABC74020044BF97 /* CMCoreData.h */ = {isa = PBXFileReference; fileEncoding = 4; lastKnownFileType = sourcecode.c.h; name = CMCoreData.h; path = "CoreMapping Group/CMCoreData.h"; sourceTree = "<group>"; };
		573E03221ABC74020044BF97 /* CMCoreData.m */ = {isa = PBXFileReference; fileEncoding = 4; lastKnownFileType = sourcecode.c.objc; name = CMCoreData.m; path = "CoreMapping Group/CMCoreData.m"; sourceTree = "<group>"; };
		573E03231ABC74020044BF97 /* CMExtensions.h */ = {isa = PBXFileReference; fileEncoding = 4; lastKnownFileType = sourcecode.c.h; name = CMExtensions.h; path = "CoreMapping Group/CMExtensions.h"; sourceTree = "<group>"; };
		573E03241ABC74020044BF97 /* CMExtensions.m */ = {isa = PBXFileReference; fileEncoding = 4; lastKnownFileType = sourcecode.c.objc; name = CMExtensions.m; path = "CoreMapping Group/CMExtensions.m"; sourceTree = "<group>"; };
		573E03251ABC74020044BF97 /* CMFRC.h */ = {isa = PBXFileReference; fileEncoding = 4; lastKnownFileType = sourcecode.c.h; name = CMFRC.h; path = "CoreMapping Group/CMFRC.h"; sourceTree = "<group>"; };
		573E03261ABC74020044BF97 /* CMFRC.m */ = {isa = PBXFileReference; fileEncoding = 4; lastKnownFileType = sourcecode.c.objc; name = CMFRC.m; path = "CoreMapping Group/CMFRC.m"; sourceTree = "<group>"; };
		573E03271ABC74020044BF97 /* CMJsonPath.h */ = {isa = PBXFileReference; fileEncoding = 4; lastKnownFileType = sourcecode.c.h; name = CMJsonPath.h; path = "CoreMapping Group/CMJsonPath.h"; sourceTree = "<group>"; };
		573E03281ABC74020044BF97 /* CMJsonPath.m */ = {isa = PBXFileReference; fileEncoding = 4; lastKnownFileType = sourcecode.c.objc; name = CMJsonPath.m; path = "CoreMapping Group/CMJsonPath.m"; sourceTree = "<group>"; };
		573E03291ABC74020044BF97 /* CoreMapping.h */ = {isa = PBXFileReference; fileEncoding = 4; lastKnownFileType = sourcecode.c.h; name = CoreMapping.h; path = "CoreMapping Group/CoreMapping.h"; sourceTree = "<group>"; };
		573E032A1ABC74020044BF97 /* CoreMapping.m */ = {isa = PBXFileReference; fileEncoding = 4; lastKnownFileType = sourcecode.c.objc; name = CoreMapping.m; path = "CoreMapping Group/CoreMapping.m"; sourceTree = "<group>"; };
		573E032B1ABC74020044BF97 /* NSManagedObject+manager.h */ = {isa = PBXFileReference; fileEncoding = 4; lastKnownFileType = sourcecode.c.h; name = "NSManagedObject+manager.h"; path = "CoreMapping Group/NSManagedObject+manager.h"; sourceTree = "<group>"; };
		573E032C1ABC74020044BF97 /* NSManagedObject+manager.m */ = {isa = PBXFileReference; fileEncoding = 4; lastKnownFileType = sourcecode.c.objc; name = "NSManagedObject+manager.m"; path = "CoreMapping Group/NSManagedObject+manager.m"; sourceTree = "<group>"; };
		7E39AC3D0DBB460792423FC9 /* Pods.xcconfig */ = {isa = PBXFileReference; includeInIndex = 1; lastKnownFileType = text.xcconfig; name = Pods.xcconfig; path = Pods/Pods.xcconfig; sourceTree = "<group>"; };
		8F04F3FE19B0A696009E3D0C /* MainViewController.h */ = {isa = PBXFileReference; fileEncoding = 4; lastKnownFileType = sourcecode.c.h; name = MainViewController.h; path = ../MainViewController.h; sourceTree = "<group>"; };
		8F04F3FF19B0A696009E3D0C /* MainViewController.m */ = {isa = PBXFileReference; fileEncoding = 4; lastKnownFileType = sourcecode.c.objc; name = MainViewController.m; path = ../MainViewController.m; sourceTree = "<group>"; };
		8F67F9A819AF9FF80034A734 /* test.json */ = {isa = PBXFileReference; fileEncoding = 4; lastKnownFileType = text.json; path = test.json; sourceTree = "<group>"; };
		8F75977719AC83D900A5F389 /* CoreMapping.app */ = {isa = PBXFileReference; explicitFileType = wrapper.application; includeInIndex = 0; path = CoreMapping.app; sourceTree = BUILT_PRODUCTS_DIR; };
		8F75977A19AC83D900A5F389 /* Foundation.framework */ = {isa = PBXFileReference; lastKnownFileType = wrapper.framework; name = Foundation.framework; path = System/Library/Frameworks/Foundation.framework; sourceTree = SDKROOT; };
		8F75977C19AC83D900A5F389 /* CoreGraphics.framework */ = {isa = PBXFileReference; lastKnownFileType = wrapper.framework; name = CoreGraphics.framework; path = System/Library/Frameworks/CoreGraphics.framework; sourceTree = SDKROOT; };
		8F75977E19AC83D900A5F389 /* UIKit.framework */ = {isa = PBXFileReference; lastKnownFileType = wrapper.framework; name = UIKit.framework; path = System/Library/Frameworks/UIKit.framework; sourceTree = SDKROOT; };
		8F75978019AC83D900A5F389 /* CoreData.framework */ = {isa = PBXFileReference; lastKnownFileType = wrapper.framework; name = CoreData.framework; path = System/Library/Frameworks/CoreData.framework; sourceTree = SDKROOT; };
		8F75978419AC83D900A5F389 /* CoreMapping-Info.plist */ = {isa = PBXFileReference; lastKnownFileType = text.plist.xml; path = "CoreMapping-Info.plist"; sourceTree = "<group>"; };
		8F75978619AC83D900A5F389 /* en */ = {isa = PBXFileReference; lastKnownFileType = text.plist.strings; name = en; path = en.lproj/InfoPlist.strings; sourceTree = "<group>"; };
		8F75978819AC83D900A5F389 /* main.m */ = {isa = PBXFileReference; lastKnownFileType = sourcecode.c.objc; path = main.m; sourceTree = "<group>"; };
		8F75978A19AC83D900A5F389 /* CoreMapping-Prefix.pch */ = {isa = PBXFileReference; lastKnownFileType = sourcecode.c.h; path = "CoreMapping-Prefix.pch"; sourceTree = "<group>"; };
		8F75978B19AC83D900A5F389 /* AppDelegate.h */ = {isa = PBXFileReference; lastKnownFileType = sourcecode.c.h; path = AppDelegate.h; sourceTree = "<group>"; };
		8F75978C19AC83D900A5F389 /* AppDelegate.m */ = {isa = PBXFileReference; lastKnownFileType = sourcecode.c.objc; path = AppDelegate.m; sourceTree = "<group>"; };
		8F75978F19AC83D900A5F389 /* CoreMapping.xcdatamodel */ = {isa = PBXFileReference; lastKnownFileType = wrapper.xcdatamodel; path = CoreMapping.xcdatamodel; sourceTree = "<group>"; };
		8F75979119AC83D900A5F389 /* Images.xcassets */ = {isa = PBXFileReference; lastKnownFileType = folder.assetcatalog; name = Images.xcassets; path = CoreMapping/Images.xcassets; sourceTree = "<group>"; };
		8F75979819AC83D900A5F389 /* XCTest.framework */ = {isa = PBXFileReference; lastKnownFileType = wrapper.framework; name = XCTest.framework; path = Library/Frameworks/XCTest.framework; sourceTree = DEVELOPER_DIR; };
		8F7597A119AC83D900A5F389 /* CoreMappingTests-Info.plist */ = {isa = PBXFileReference; lastKnownFileType = text.plist.xml; path = "CoreMappingTests-Info.plist"; sourceTree = "<group>"; };
		8F7597A319AC83D900A5F389 /* en */ = {isa = PBXFileReference; lastKnownFileType = text.plist.strings; name = en; path = en.lproj/InfoPlist.strings; sourceTree = "<group>"; };
		8F7597A519AC83D900A5F389 /* CoreMappingTests.m */ = {isa = PBXFileReference; lastKnownFileType = sourcecode.c.objc; path = CoreMappingTests.m; sourceTree = "<group>"; };
		8F7597B719ACB45C00A5F389 /* MyEntity+CustomLogic.h */ = {isa = PBXFileReference; fileEncoding = 4; lastKnownFileType = sourcecode.c.h; name = "MyEntity+CustomLogic.h"; path = "CoreMapping/MyEntity+CustomLogic.h"; sourceTree = "<group>"; };
		8F7597B819ACB45C00A5F389 /* MyEntity+CustomLogic.m */ = {isa = PBXFileReference; fileEncoding = 4; lastKnownFileType = sourcecode.c.objc; name = "MyEntity+CustomLogic.m"; path = "CoreMapping/MyEntity+CustomLogic.m"; sourceTree = "<group>"; };
		8F7597CF19ADE3EA00A5F389 /* test_add.json */ = {isa = PBXFileReference; fileEncoding = 4; lastKnownFileType = text.json; path = test_add.json; sourceTree = "<group>"; };
		8F9D0F1D19B47A7400E7C857 /* Phone.h */ = {isa = PBXFileReference; fileEncoding = 4; lastKnownFileType = sourcecode.c.h; path = Phone.h; sourceTree = "<group>"; };
		8F9D0F1E19B47A7400E7C857 /* Phone.m */ = {isa = PBXFileReference; fileEncoding = 4; lastKnownFileType = sourcecode.c.objc; path = Phone.m; sourceTree = "<group>"; };
		8F9D0F2019B47A7500E7C857 /* City.h */ = {isa = PBXFileReference; fileEncoding = 4; lastKnownFileType = sourcecode.c.h; path = City.h; sourceTree = "<group>"; };
		8F9D0F2119B47A7500E7C857 /* City.m */ = {isa = PBXFileReference; fileEncoding = 4; lastKnownFileType = sourcecode.c.objc; path = City.m; sourceTree = "<group>"; };
/* End PBXFileReference section */

/* Begin PBXFrameworksBuildPhase section */
		8F75977419AC83D900A5F389 /* Frameworks */ = {
			isa = PBXFrameworksBuildPhase;
			buildActionMask = 2147483647;
			files = (
				8F75977D19AC83D900A5F389 /* CoreGraphics.framework in Frameworks */,
				8F75978119AC83D900A5F389 /* CoreData.framework in Frameworks */,
				8F75977F19AC83D900A5F389 /* UIKit.framework in Frameworks */,
				8F75977B19AC83D900A5F389 /* Foundation.framework in Frameworks */,
				02605DC2244D4B099667DB5F /* libPods.a in Frameworks */,
			);
			runOnlyForDeploymentPostprocessing = 0;
		};
/* End PBXFrameworksBuildPhase section */

/* Begin PBXGroup section */
		8F4810EC19AF454F0032E468 /* CoreData */ = {
			isa = PBXGroup;
			children = (
				8F7597B719ACB45C00A5F389 /* MyEntity+CustomLogic.h */,
				8F7597B819ACB45C00A5F389 /* MyEntity+CustomLogic.m */,
				8F75978E19AC83D900A5F389 /* CoreMapping.xcdatamodeld */,
				8F9D0F2019B47A7500E7C857 /* City.h */,
				8F9D0F2119B47A7500E7C857 /* City.m */,
				8F9D0F1D19B47A7400E7C857 /* Phone.h */,
				8F9D0F1E19B47A7400E7C857 /* Phone.m */,
			);
			name = CoreData;
			sourceTree = "<group>";
		};
		8F75976E19AC83D900A5F389 = {
			isa = PBXGroup;
			children = (
				8F7597C419ACBC7500A5F389 /* CoreMapping Group */,
				8F75978219AC83D900A5F389 /* Main files */,
				8F4810EC19AF454F0032E468 /* CoreData */,
				8F75979119AC83D900A5F389 /* Images.xcassets */,
				8F75978319AC83D900A5F389 /* Supporting Files */,
				8F75979F19AC83D900A5F389 /* CoreMappingTests */,
				8F75977919AC83D900A5F389 /* Frameworks */,
				8F75977819AC83D900A5F389 /* Products */,
				7E39AC3D0DBB460792423FC9 /* Pods.xcconfig */,
			);
			sourceTree = "<group>";
		};
		8F75977819AC83D900A5F389 /* Products */ = {
			isa = PBXGroup;
			children = (
				8F75977719AC83D900A5F389 /* CoreMapping.app */,
			);
			name = Products;
			sourceTree = "<group>";
		};
		8F75977919AC83D900A5F389 /* Frameworks */ = {
			isa = PBXGroup;
			children = (
				8F75977A19AC83D900A5F389 /* Foundation.framework */,
				8F75977C19AC83D900A5F389 /* CoreGraphics.framework */,
				8F75977E19AC83D900A5F389 /* UIKit.framework */,
				8F75978019AC83D900A5F389 /* CoreData.framework */,
				8F75979819AC83D900A5F389 /* XCTest.framework */,
				525811D60497460C9D9766C4 /* libPods.a */,
			);
			name = Frameworks;
			sourceTree = "<group>";
		};
		8F75978219AC83D900A5F389 /* Main files */ = {
			isa = PBXGroup;
			children = (
				8F67F9A819AF9FF80034A734 /* test.json */,
				8F7597CF19ADE3EA00A5F389 /* test_add.json */,
				8F75978B19AC83D900A5F389 /* AppDelegate.h */,
				8F75978C19AC83D900A5F389 /* AppDelegate.m */,
				8F04F3FE19B0A696009E3D0C /* MainViewController.h */,
				8F04F3FF19B0A696009E3D0C /* MainViewController.m */,
			);
			name = "Main files";
			path = CoreMapping;
			sourceTree = "<group>";
		};
		8F75978319AC83D900A5F389 /* Supporting Files */ = {
			isa = PBXGroup;
			children = (
				8F75978419AC83D900A5F389 /* CoreMapping-Info.plist */,
				8F75978519AC83D900A5F389 /* InfoPlist.strings */,
				8F75978819AC83D900A5F389 /* main.m */,
				8F75978A19AC83D900A5F389 /* CoreMapping-Prefix.pch */,
			);
			name = "Supporting Files";
			path = CoreMapping;
			sourceTree = "<group>";
		};
		8F75979F19AC83D900A5F389 /* CoreMappingTests */ = {
			isa = PBXGroup;
			children = (
				8F7597A519AC83D900A5F389 /* CoreMappingTests.m */,
				8F7597A019AC83D900A5F389 /* Supporting Files */,
			);
			path = CoreMappingTests;
			sourceTree = "<group>";
		};
		8F7597A019AC83D900A5F389 /* Supporting Files */ = {
			isa = PBXGroup;
			children = (
				8F7597A119AC83D900A5F389 /* CoreMappingTests-Info.plist */,
				8F7597A219AC83D900A5F389 /* InfoPlist.strings */,
			);
			name = "Supporting Files";
			sourceTree = "<group>";
		};
		8F7597C419ACBC7500A5F389 /* CoreMapping Group */ = {
			isa = PBXGroup;
			children = (
				573E03201ABC74020044BF97 /* CMConstants.h */,
				573E03211ABC74020044BF97 /* CMCoreData.h */,
				573E03221ABC74020044BF97 /* CMCoreData.m */,
				573E03231ABC74020044BF97 /* CMExtensions.h */,
				573E03241ABC74020044BF97 /* CMExtensions.m */,
				573E03251ABC74020044BF97 /* CMFRC.h */,
				573E03261ABC74020044BF97 /* CMFRC.m */,
				573E03271ABC74020044BF97 /* CMJsonPath.h */,
				573E03281ABC74020044BF97 /* CMJsonPath.m */,
				573E03291ABC74020044BF97 /* CoreMapping.h */,
				573E032A1ABC74020044BF97 /* CoreMapping.m */,
				573E032B1ABC74020044BF97 /* NSManagedObject+manager.h */,
				573E032C1ABC74020044BF97 /* NSManagedObject+manager.m */,
			);
			name = "CoreMapping Group";
			sourceTree = "<group>";
		};
/* End PBXGroup section */

/* Begin PBXNativeTarget section */
		8F75977619AC83D900A5F389 /* CoreMapping */ = {
			isa = PBXNativeTarget;
			buildConfigurationList = 8F7597A919AC83D900A5F389 /* Build configuration list for PBXNativeTarget "CoreMapping" */;
			buildPhases = (
				348C8A8228DA4DF7B1E8B79D /* Check Pods Manifest.lock */,
				8F75977319AC83D900A5F389 /* Sources */,
				8F75977419AC83D900A5F389 /* Frameworks */,
				8F75977519AC83D900A5F389 /* Resources */,
				1C3903B94A804D67A4DFE36F /* Copy Pods Resources */,
			);
			buildRules = (
			);
			dependencies = (
			);
			name = CoreMapping;
			productName = CoreMapping;
			productReference = 8F75977719AC83D900A5F389 /* CoreMapping.app */;
			productType = "com.apple.product-type.application";
		};
/* End PBXNativeTarget section */

/* Begin PBXProject section */
		8F75976F19AC83D900A5F389 /* Project object */ = {
			isa = PBXProject;
			attributes = {
				LastUpgradeCheck = 0510;
				ORGANIZATIONNAME = Dyachkov Victor;
			};
			buildConfigurationList = 8F75977219AC83D900A5F389 /* Build configuration list for PBXProject "CoreMapping" */;
			compatibilityVersion = "Xcode 3.2";
			developmentRegion = English;
			hasScannedForEncodings = 0;
			knownRegions = (
				en,
			);
			mainGroup = 8F75976E19AC83D900A5F389;
			productRefGroup = 8F75977819AC83D900A5F389 /* Products */;
			projectDirPath = "";
			projectRoot = "";
			targets = (
				8F75977619AC83D900A5F389 /* CoreMapping */,
			);
		};
/* End PBXProject section */

/* Begin PBXResourcesBuildPhase section */
		8F75977519AC83D900A5F389 /* Resources */ = {
			isa = PBXResourcesBuildPhase;
			buildActionMask = 2147483647;
			files = (
				8F75978719AC83D900A5F389 /* InfoPlist.strings in Resources */,
				8F67F9A919AF9FF80034A734 /* test.json in Resources */,
				8F7597D019ADE3EA00A5F389 /* test_add.json in Resources */,
				8F75979219AC83D900A5F389 /* Images.xcassets in Resources */,
			);
			runOnlyForDeploymentPostprocessing = 0;
		};
/* End PBXResourcesBuildPhase section */

/* Begin PBXShellScriptBuildPhase section */
		1C3903B94A804D67A4DFE36F /* Copy Pods Resources */ = {
			isa = PBXShellScriptBuildPhase;
			buildActionMask = 2147483647;
			files = (
			);
			inputPaths = (
			);
			name = "Copy Pods Resources";
			outputPaths = (
			);
			runOnlyForDeploymentPostprocessing = 0;
			shellPath = /bin/sh;
			shellScript = "\"${SRCROOT}/Pods/Pods-resources.sh\"\n";
			showEnvVarsInLog = 0;
		};
		348C8A8228DA4DF7B1E8B79D /* Check Pods Manifest.lock */ = {
			isa = PBXShellScriptBuildPhase;
			buildActionMask = 2147483647;
			files = (
			);
			inputPaths = (
			);
			name = "Check Pods Manifest.lock";
			outputPaths = (
			);
			runOnlyForDeploymentPostprocessing = 0;
			shellPath = /bin/sh;
			shellScript = "diff \"${PODS_ROOT}/../Podfile.lock\" \"${PODS_ROOT}/Manifest.lock\" > /dev/null\nif [[ $? != 0 ]] ; then\n    cat << EOM\nerror: The sandbox is not in sync with the Podfile.lock. Run 'pod install' or update your CocoaPods installation.\nEOM\n    exit 1\nfi\n";
			showEnvVarsInLog = 0;
		};
/* End PBXShellScriptBuildPhase section */

/* Begin PBXSourcesBuildPhase section */
		8F75977319AC83D900A5F389 /* Sources */ = {
			isa = PBXSourcesBuildPhase;
			buildActionMask = 2147483647;
			files = (
				8F9D0F2219B47A7500E7C857 /* City.m in Sources */,
				8F75978D19AC83D900A5F389 /* AppDelegate.m in Sources */,
				573E03301ABC74020044BF97 /* CMJsonPath.m in Sources */,
				573E032D1ABC74020044BF97 /* CMCoreData.m in Sources */,
				573E032F1ABC74020044BF97 /* CMFRC.m in Sources */,
				8F7597B919ACB45C00A5F389 /* MyEntity+CustomLogic.m in Sources */,
				8F9D0F1F19B47A7400E7C857 /* Phone.m in Sources */,
				8F75979019AC83D900A5F389 /* CoreMapping.xcdatamodeld in Sources */,
				8F04F40019B0A696009E3D0C /* MainViewController.m in Sources */,
				573E03311ABC74020044BF97 /* CoreMapping.m in Sources */,
				573E03321ABC74020044BF97 /* NSManagedObject+manager.m in Sources */,
				8F75978919AC83D900A5F389 /* main.m in Sources */,
				573E032E1ABC74020044BF97 /* CMExtensions.m in Sources */,
			);
			runOnlyForDeploymentPostprocessing = 0;
		};
/* End PBXSourcesBuildPhase section */

/* Begin PBXVariantGroup section */
		8F75978519AC83D900A5F389 /* InfoPlist.strings */ = {
			isa = PBXVariantGroup;
			children = (
				8F75978619AC83D900A5F389 /* en */,
			);
			name = InfoPlist.strings;
			sourceTree = "<group>";
		};
		8F7597A219AC83D900A5F389 /* InfoPlist.strings */ = {
			isa = PBXVariantGroup;
			children = (
				8F7597A319AC83D900A5F389 /* en */,
			);
			name = InfoPlist.strings;
			sourceTree = "<group>";
		};
/* End PBXVariantGroup section */

/* Begin XCBuildConfiguration section */
		8F7597A719AC83D900A5F389 /* Debug */ = {
			isa = XCBuildConfiguration;
			buildSettings = {
				ALWAYS_SEARCH_USER_PATHS = NO;
				CLANG_CXX_LANGUAGE_STANDARD = "gnu++0x";
				CLANG_CXX_LIBRARY = "libc++";
				CLANG_ENABLE_MODULES = YES;
				CLANG_ENABLE_OBJC_ARC = YES;
				CLANG_WARN_BOOL_CONVERSION = YES;
				CLANG_WARN_CONSTANT_CONVERSION = YES;
				CLANG_WARN_DIRECT_OBJC_ISA_USAGE = YES_ERROR;
				CLANG_WARN_EMPTY_BODY = YES;
				CLANG_WARN_ENUM_CONVERSION = YES;
				CLANG_WARN_INT_CONVERSION = YES;
				CLANG_WARN_OBJC_ROOT_CLASS = YES_ERROR;
				CLANG_WARN__DUPLICATE_METHOD_MATCH = YES;
				"CODE_SIGN_IDENTITY[sdk=iphoneos*]" = "iPhone Developer";
				COPY_PHASE_STRIP = NO;
				GCC_C_LANGUAGE_STANDARD = gnu99;
				GCC_DYNAMIC_NO_PIC = NO;
				GCC_OPTIMIZATION_LEVEL = 0;
				GCC_PREPROCESSOR_DEFINITIONS = (
					"DEBUG=1",
					"$(inherited)",
				);
				GCC_SYMBOLS_PRIVATE_EXTERN = NO;
				GCC_WARN_64_TO_32_BIT_CONVERSION = YES;
				GCC_WARN_ABOUT_RETURN_TYPE = YES_ERROR;
				GCC_WARN_UNDECLARED_SELECTOR = YES;
				GCC_WARN_UNINITIALIZED_AUTOS = YES_AGGRESSIVE;
				GCC_WARN_UNUSED_FUNCTION = YES;
				GCC_WARN_UNUSED_VARIABLE = YES;
				IPHONEOS_DEPLOYMENT_TARGET = 7.1;
				ONLY_ACTIVE_ARCH = YES;
				SDKROOT = iphoneos;
			};
			name = Debug;
		};
		8F7597A819AC83D900A5F389 /* Release */ = {
			isa = XCBuildConfiguration;
			buildSettings = {
				ALWAYS_SEARCH_USER_PATHS = NO;
				CLANG_CXX_LANGUAGE_STANDARD = "gnu++0x";
				CLANG_CXX_LIBRARY = "libc++";
				CLANG_ENABLE_MODULES = YES;
				CLANG_ENABLE_OBJC_ARC = YES;
				CLANG_WARN_BOOL_CONVERSION = YES;
				CLANG_WARN_CONSTANT_CONVERSION = YES;
				CLANG_WARN_DIRECT_OBJC_ISA_USAGE = YES_ERROR;
				CLANG_WARN_EMPTY_BODY = YES;
				CLANG_WARN_ENUM_CONVERSION = YES;
				CLANG_WARN_INT_CONVERSION = YES;
				CLANG_WARN_OBJC_ROOT_CLASS = YES_ERROR;
				CLANG_WARN__DUPLICATE_METHOD_MATCH = YES;
				"CODE_SIGN_IDENTITY[sdk=iphoneos*]" = "iPhone Developer";
				COPY_PHASE_STRIP = YES;
				ENABLE_NS_ASSERTIONS = NO;
				GCC_C_LANGUAGE_STANDARD = gnu99;
				GCC_WARN_64_TO_32_BIT_CONVERSION = YES;
				GCC_WARN_ABOUT_RETURN_TYPE = YES_ERROR;
				GCC_WARN_UNDECLARED_SELECTOR = YES;
				GCC_WARN_UNINITIALIZED_AUTOS = YES_AGGRESSIVE;
				GCC_WARN_UNUSED_FUNCTION = YES;
				GCC_WARN_UNUSED_VARIABLE = YES;
				IPHONEOS_DEPLOYMENT_TARGET = 7.1;
				SDKROOT = iphoneos;
				VALIDATE_PRODUCT = YES;
			};
			name = Release;
		};
		8F7597AA19AC83D900A5F389 /* Debug */ = {
			isa = XCBuildConfiguration;
			baseConfigurationReference = 7E39AC3D0DBB460792423FC9 /* Pods.xcconfig */;
			buildSettings = {
				ASSETCATALOG_COMPILER_APPICON_NAME = AppIcon;
				ASSETCATALOG_COMPILER_LAUNCHIMAGE_NAME = LaunchImage;
				GCC_PRECOMPILE_PREFIX_HEADER = YES;
				GCC_PREFIX_HEADER = "CoreMapping/CoreMapping-Prefix.pch";
				INFOPLIST_FILE = "CoreMapping/CoreMapping-Info.plist";
				IPHONEOS_DEPLOYMENT_TARGET = 6.0;
				PRODUCT_NAME = CoreMapping;
				WRAPPER_EXTENSION = app;
			};
			name = Debug;
		};
		8F7597AB19AC83D900A5F389 /* Release */ = {
			isa = XCBuildConfiguration;
			baseConfigurationReference = 7E39AC3D0DBB460792423FC9 /* Pods.xcconfig */;
			buildSettings = {
				ASSETCATALOG_COMPILER_APPICON_NAME = AppIcon;
				ASSETCATALOG_COMPILER_LAUNCHIMAGE_NAME = LaunchImage;
				GCC_PRECOMPILE_PREFIX_HEADER = YES;
				GCC_PREFIX_HEADER = "CoreMapping/CoreMapping-Prefix.pch";
				INFOPLIST_FILE = "CoreMapping/CoreMapping-Info.plist";
				IPHONEOS_DEPLOYMENT_TARGET = 6.0;
				PRODUCT_NAME = CoreMapping;
				WRAPPER_EXTENSION = app;
			};
			name = Release;
		};
/* End XCBuildConfiguration section */

/* Begin XCConfigurationList section */
		8F75977219AC83D900A5F389 /* Build configuration list for PBXProject "CoreMapping" */ = {
			isa = XCConfigurationList;
			buildConfigurations = (
				8F7597A719AC83D900A5F389 /* Debug */,
				8F7597A819AC83D900A5F389 /* Release */,
			);
			defaultConfigurationIsVisible = 0;
			defaultConfigurationName = Release;
		};
		8F7597A919AC83D900A5F389 /* Build configuration list for PBXNativeTarget "CoreMapping" */ = {
			isa = XCConfigurationList;
			buildConfigurations = (
				8F7597AA19AC83D900A5F389 /* Debug */,
				8F7597AB19AC83D900A5F389 /* Release */,
			);
			defaultConfigurationIsVisible = 0;
			defaultConfigurationName = Release;
		};
/* End XCConfigurationList section */

/* Begin XCVersionGroup section */
		8F75978E19AC83D900A5F389 /* CoreMapping.xcdatamodeld */ = {
			isa = XCVersionGroup;
			children = (
				8F75978F19AC83D900A5F389 /* CoreMapping.xcdatamodel */,
			);
			currentVersion = 8F75978F19AC83D900A5F389 /* CoreMapping.xcdatamodel */;
			name = CoreMapping.xcdatamodeld;
			path = CoreMapping/CoreMapping.xcdatamodeld;
			sourceTree = "<group>";
			versionGroupType = wrapper.xcdatamodel;
		};
/* End XCVersionGroup section */
	};
	rootObject = 8F75976F19AC83D900A5F389 /* Project object */;
}
